
Microsoft Visual Studio Solution File, Format Version 10.00
# Visual C++ Express 2008
Project("{8BC9CEB8-8B4A-11D0-8D11-00A0C91BC942}") = "clocale_test_get_codepage", "clocale_test_get_codepage\clocale_test_get_codepage.vcproj", "{FE1A40F3-722F-45A7-9D65-57472DB86D3F}"
	ProjectSection(ProjectDependencies) = postProject
		{370642B9-86DB-47AD-95C8-6389A1090F70} = {370642B9-86DB-47AD-95C8-6389A1090F70}
		{BD3A95FA-A3DE-4B79-A889-A7E5ECA4B69C} = {BD3A95FA-A3DE-4B79-A889-A7E5ECA4B69C}
		{20FFC4C9-F44C-45F6-A827-4819B4DF3C9F} = {20FFC4C9-F44C-45F6-A827-4819B4DF3C9F}
	EndProjectSection
EndProject
Project("{8BC9CEB8-8B4A-11D0-8D11-00A0C91BC942}") = "clocale_test_get_decimal_point", "clocale_test_get_decimal_point\clocale_test_get_decimal_point.vcproj", "{12D99719-1737-40AB-9ABC-C8982A46E3C8}"
	ProjectSection(ProjectDependencies) = postProject
		{370642B9-86DB-47AD-95C8-6389A1090F70} = {370642B9-86DB-47AD-95C8-6389A1090F70}
		{BD3A95FA-A3DE-4B79-A889-A7E5ECA4B69C} = {BD3A95FA-A3DE-4B79-A889-A7E5ECA4B69C}
		{20FFC4C9-F44C-45F6-A827-4819B4DF3C9F} = {20FFC4C9-F44C-45F6-A827-4819B4DF3C9F}
	EndProjectSection
EndProject
Project("{8BC9CEB8-8B4A-11D0-8D11-00A0C91BC942}") = "clocale_test_get_version", "clocale_test_get_version\clocale_test_get_version.vcproj", "{F5CCF6B2-DD89-4D87-87AB-E51A71745AD8}"
	ProjectSection(ProjectDependencies) = postProject
		{370642B9-86DB-47AD-95C8-6389A1090F70} = {370642B9-86DB-47AD-95C8-6389A1090F70}
		{20FFC4C9-F44C-45F6-A827-4819B4DF3C9F} = {20FFC4C9-F44C-45F6-A827-4819B4DF3C9F}
	EndProjectSection
EndProject
Project("{8BC9CEB8-8B4A-11D0-8D11-00A0C91BC942}") = "libclocale", "libclocale\libclocale.vcproj", "{370642B9-86DB-47AD-95C8-6389A1090F70}"
	ProjectSection(ProjectDependencies) = postProject
		{20FFC4C9-F44C-45F6-A827-4819B4DF3C9F} = {20FFC4C9-F44C-45F6-A827-4819B4DF3C9F}
		{BD3A95FA-A3DE-4B79-A889-A7E5ECA4B69C} = {BD3A95FA-A3DE-4B79-A889-A7E5ECA4B69C}
	EndProjectSection
EndProject
Project("{8BC9CEB8-8B4A-11D0-8D11-00A0C91BC942}") = "libcstring", "libcstring\libcstring.vcproj", "{20FFC4C9-F44C-45F6-A827-4819B4DF3C9F}"
EndProject
Project("{8BC9CEB8-8B4A-11D0-8D11-00A0C91BC942}") = "libcerror", "libcerror\libcerror.vcproj", "{BD3A95FA-A3DE-4B79-A889-A7E5ECA4B69C}"
	ProjectSection(ProjectDependencies) = postProject
		{20FFC4C9-F44C-45F6-A827-4819B4DF3C9F} = {20FFC4C9-F44C-45F6-A827-4819B4DF3C9F}
	EndProjectSection
EndProject
Global
	GlobalSection(SolutionConfigurationPlatforms) = preSolution
		Release|Win32 = Release|Win32
		VSDebug|Win32 = VSDebug|Win32
	EndGlobalSection
	GlobalSection(ProjectConfigurationPlatforms) = postSolution
		{FE1A40F3-722F-45A7-9D65-57472DB86D3F}.Release|Win32.ActiveCfg = Release|Win32
		{FE1A40F3-722F-45A7-9D65-57472DB86D3F}.Release|Win32.Build.0 = Release|Win32
		{FE1A40F3-722F-45A7-9D65-57472DB86D3F}.VSDebug|Win32.ActiveCfg = VSDebug|Win32
		{FE1A40F3-722F-45A7-9D65-57472DB86D3F}.VSDebug|Win32.Build.0 = VSDebug|Win32
		{12D99719-1737-40AB-9ABC-C8982A46E3C8}.Release|Win32.ActiveCfg = Release|Win32
		{12D99719-1737-40AB-9ABC-C8982A46E3C8}.Release|Win32.Build.0 = Release|Win32
		{12D99719-1737-40AB-9ABC-C8982A46E3C8}.VSDebug|Win32.ActiveCfg = VSDebug|Win32
		{12D99719-1737-40AB-9ABC-C8982A46E3C8}.VSDebug|Win32.Build.0 = VSDebug|Win32
		{F5CCF6B2-DD89-4D87-87AB-E51A71745AD8}.Release|Win32.ActiveCfg = Release|Win32
		{F5CCF6B2-DD89-4D87-87AB-E51A71745AD8}.Release|Win32.Build.0 = Release|Win32
		{F5CCF6B2-DD89-4D87-87AB-E51A71745AD8}.VSDebug|Win32.ActiveCfg = VSDebug|Win32
		{F5CCF6B2-DD89-4D87-87AB-E51A71745AD8}.VSDebug|Win32.Build.0 = VSDebug|Win32
		{370642B9-86DB-47AD-95C8-6389A1090F70}.Release|Win32.ActiveCfg = Release|Win32
		{370642B9-86DB-47AD-95C8-6389A1090F70}.Release|Win32.Build.0 = Release|Win32
		{370642B9-86DB-47AD-95C8-6389A1090F70}.VSDebug|Win32.ActiveCfg = VSDebug|Win32
		{370642B9-86DB-47AD-95C8-6389A1090F70}.VSDebug|Win32.Build.0 = VSDebug|Win32
		{20FFC4C9-F44C-45F6-A827-4819B4DF3C9F}.Release|Win32.ActiveCfg = Release|Win32
		{20FFC4C9-F44C-45F6-A827-4819B4DF3C9F}.Release|Win32.Build.0 = Release|Win32
		{20FFC4C9-F44C-45F6-A827-4819B4DF3C9F}.VSDebug|Win32.ActiveCfg = VSDebug|Win32
		{20FFC4C9-F44C-45F6-A827-4819B4DF3C9F}.VSDebug|Win32.Build.0 = VSDebug|Win32
		{BD3A95FA-A3DE-4B79-A889-A7E5ECA4B69C}.Release|Win32.ActiveCfg = Release|Win32
		{BD3A95FA-A3DE-4B79-A889-A7E5ECA4B69C}.Release|Win32.Build.0 = Release|Win32
		{BD3A95FA-A3DE-4B79-A889-A7E5ECA4B69C}.VSDebug|Win32.ActiveCfg = VSDebug|Win32
		{BD3A95FA-A3DE-4B79-A889-A7E5ECA4B69C}.VSDebug|Win32.Build.0 = VSDebug|Win32
	EndGlobalSection
	GlobalSection(SolutionProperties) = preSolution
		HideSolutionNode = FALSE
	EndGlobalSection
EndGlobal
